# THIS IS AN AUTOGENERATED FILE. DO NOT EDIT THIS FILE DIRECTLY.
# yarn lockfile v1


"@formatjs/ecma402-abstract@1.10.0":
  version "1.10.0"
  resolved "https://registry.yarnpkg.com/@formatjs/ecma402-abstract/-/ecma402-abstract-1.10.0.tgz#f51b9167535c9463113c24644de90262aa5d31a7"
  integrity sha512-WNkcUHC6xw12rWY87TUw6KXzb1LnOooYBLLqtyn1kW2j197rcwpqmUOJMBED56YcLzaJPfVw1L2ShiDhL5pVnQ==
  dependencies:
    "@formatjs/intl-localematcher" "0.2.21"
    tslib "^2.1.0"

"@formatjs/fast-memoize@1.2.0":
  version "1.2.0"
  resolved "https://registry.yarnpkg.com/@formatjs/fast-memoize/-/fast-memoize-1.2.0.tgz#1123bfcc5d21d761f15d8b1c32d10e1b6530355d"
  integrity sha512-fObitP9Tlc31SKrPHgkPgQpGo4+4yXfQQITTCNH8AZdEqB7Mq4nPrjpUL/tNGN3lEeJcFxDbi0haX8HM7QvQ8w==
  dependencies:
    tslib "^2.1.0"

"@formatjs/icu-messageformat-parser@2.0.13":
  version "2.0.13"
  resolved "https://registry.yarnpkg.com/@formatjs/icu-messageformat-parser/-/icu-messageformat-parser-2.0.13.tgz#fcd7816b3d0b799daf20ff9e5e0fe81d3618276e"
  integrity sha512-dIdcNnuJj1V+DnXQUjJTA+uES/UCpxLPbIA8R1wSrWY/yCgv9N1beSY1lTHrhcG0XC++ShP+AEqqVV/zX3BMZg==
  dependencies:
    "@formatjs/ecma402-abstract" "1.10.0"
    "@formatjs/icu-skeleton-parser" "1.3.0"
    tslib "^2.1.0"

"@formatjs/icu-skeleton-parser@1.3.0":
  version "1.3.0"
  resolved "https://registry.yarnpkg.com/@formatjs/icu-skeleton-parser/-/icu-skeleton-parser-1.3.0.tgz#fedf604bf788a587b23c9a03ec148c1f2c3177f7"
  integrity sha512-ORUHdglLuE0Vvg3KlxeeguDq2ErUlCWmIU9EmQAhqwhtRwf78nNy2WAJ9qvxzSsp4dAv1CJ9AoS43RdY8JTVaA==
  dependencies:
    "@formatjs/ecma402-abstract" "1.10.0"
    tslib "^2.1.0"

"@formatjs/intl-displaynames@5.2.5":
  version "5.2.5"
  resolved "https://registry.yarnpkg.com/@formatjs/intl-displaynames/-/intl-displaynames-5.2.5.tgz#c8cb4983a3ce3bdc18d11e22cffc7dad9ceb3050"
  integrity sha512-iYlce/hG31ohJOwpv3yhOiEIwEBMqOt2kzA2BQTx1ra8ferBn4WlTxkouoDNiAKEBD1LFYZBIC25jsSJUJOEbg==
  dependencies:
    "@formatjs/ecma402-abstract" "1.10.0"
    "@formatjs/intl-localematcher" "0.2.21"
    tslib "^2.1.0"

"@formatjs/intl-listformat@6.3.5":
  version "6.3.5"
  resolved "https://registry.yarnpkg.com/@formatjs/intl-listformat/-/intl-listformat-6.3.5.tgz#9631b6853e3b6cdedff371e132b310d259a6410f"
  integrity sha512-GtiMMx5RB/gID7ydGr+i1lRbGu728plTfT196X151cE2PYEqC05BEuHQFlE1rcUGC2+RfFqlvmipYcbOqJTQug==
  dependencies:
    "@formatjs/ecma402-abstract" "1.10.0"
    "@formatjs/intl-localematcher" "0.2.21"
    tslib "^2.1.0"

"@formatjs/intl-localematcher@0.2.21":
  version "0.2.21"
  resolved "https://registry.yarnpkg.com/@formatjs/intl-localematcher/-/intl-localematcher-0.2.21.tgz#39ef33d701fe8084f3d693cd3ff7cbe03cdd3a49"
  integrity sha512-JTJeLiNwexN4Gy0cMxoUPvJbKhXdnSuo5jPrDafEZpnDWlJ5VDYta8zUVVozO/pwzEmFVHEUpgiEDj+39L4oMg==
  dependencies:
    tslib "^2.1.0"

"@formatjs/intl@1.14.3":
  version "1.14.3"
  resolved "https://registry.yarnpkg.com/@formatjs/intl/-/intl-1.14.3.tgz#a08932238a79e63e48e053c81bb921174d2a2bf9"
  integrity sha512-L01MRBjfWJBv2XyWlq6eN4Zb2jk+lO6nNbshsusjRXJ6sbknP5/MJfsUXlzXk1lw4uMXaDr4wByirXN/TZsPGQ==
  dependencies:
    "@formatjs/ecma402-abstract" "1.10.0"
    "@formatjs/fast-memoize" "1.2.0"
    "@formatjs/icu-messageformat-parser" "2.0.13"
    "@formatjs/intl-displaynames" "5.2.5"
    "@formatjs/intl-listformat" "6.3.5"
    intl-messageformat "9.9.3"
    tslib "^2.1.0"

"@types/b_@^1.3.2":
  version "1.3.2"
  resolved "https://registry.yarnpkg.com/@types/b_/-/b_-1.3.2.tgz#1930e6a4aa0978d1840a44b71bb0f45afc125d59"
  integrity sha512-VgXWfyk7Yl8SJpNNSm8cR5sKorq0WbS3nE9BmQiXXXGV0kkHPsh2sIA1A4p4U7TNwfvL0o4loNwVUwTGB21jQA==

"@types/classnames@^2.3.1":
  version "2.3.1"
  resolved "https://registry.yarnpkg.com/@types/classnames/-/classnames-2.3.1.tgz#3c2467aa0f1a93f1f021e3b9bcf938bd5dfdc0dd"
  integrity sha512-zeOWb0JGBoVmlQoznvqXbE0tEC/HONsnoUNH19Hc96NFsTAwTXbTqb8FMYkru1F/iqp7a18Ws3nWJvtA1sHD1A==
  dependencies:
    classnames "*"

"@types/hoist-non-react-statics@^3.3.1":
  version "3.3.1"
  resolved "https://registry.yarnpkg.com/@types/hoist-non-react-statics/-/hoist-non-react-statics-3.3.1.tgz#1124aafe5118cb591977aeb1ceaaed1070eb039f"
  integrity sha512-iMIqiko6ooLrTh1joXodJK5X9xeEALT1kM5G3ZLhD3hszxBdIEd5C75U834D9mLcINgD4OyZf5uQXjkuYydWvA==
  dependencies:
    "@types/react" "*"
    hoist-non-react-statics "^3.3.0"

"@types/prop-types@*":
  version "15.7.4"
  resolved "https://registry.yarnpkg.com/@types/prop-types/-/prop-types-15.7.4.tgz#fcf7205c25dff795ee79af1e30da2c9790808f11"
  integrity sha512-rZ5drC/jWjrArrS8BR6SIr4cWpW09RNTYt9AMZo3Jwwif+iacXAqgVjm0B0Bv/S1jhDXKHqRVNCbACkJ89RAnQ==

"@types/react-dom@^17.0.10":
  version "17.0.10"
  resolved "https://registry.yarnpkg.com/@types/react-dom/-/react-dom-17.0.10.tgz#d6972ec018d23cf22b99597f1289343d99ea9d9d"
  integrity sha512-8oz3NAUId2z/zQdFI09IMhQPNgIbiP8Lslhv39DIDamr846/0spjZK0vnrMak0iB8EKb9QFTTIdg2Wj2zH5a3g==
  dependencies:
    "@types/react" "*"

"@types/react-intl@^3.0.0":
  version "3.0.0"
  resolved "https://registry.yarnpkg.com/@types/react-intl/-/react-intl-3.0.0.tgz#a2cce0024b6cfe403be28ccf67f49d720fa810ec"
  integrity sha512-k8F3d05XQGEqSWIfK97bBjZe4z9RruXU9Wa7OZ2iUC5pdeIpzuQDZe/9C2J3Xir5//ZtAkhcv08Wfx3n5TBTQg==
  dependencies:
    react-intl "*"

"@types/react@*", "@types/react@16 || 17", "@types/react@^17.0.30":
  version "17.0.30"
  resolved "https://registry.yarnpkg.com/@types/react/-/react-17.0.30.tgz#2f8e6f5ab6415c091cc5e571942ee9064b17609e"
  integrity sha512-3Dt/A8gd3TCXi2aRe84y7cK1K8G+N9CZRDG8kDGguOKa0kf/ZkSwTmVIDPsm/KbQOVMaDJXwhBtuOXxqwdpWVg==
  dependencies:
    "@types/prop-types" "*"
    "@types/scheduler" "*"
    csstype "^3.0.2"

"@types/scheduler@*":
  version "0.16.2"
  resolved "https://registry.yarnpkg.com/@types/scheduler/-/scheduler-0.16.2.tgz#1a62f89525723dde24ba1b01b092bf5df8ad4d39"
  integrity sha512-hppQEBDmlwhFAXKJX2KnWLYu5yMfi91yazPb2l+lbJiwW+wdo1gNeRA+3RgNSO39WYX2euey41KEwnqesU2Jew==

b_@^1.3.4:
  version "1.3.4"
  resolved "https://registry.yarnpkg.com/b_/-/b_-1.3.4.tgz#bdc0ddb3343c6118b9bf92bdac195f3f33aa6b1e"
  integrity sha1-vcDdszQ8YRi5v5K9rBlfPzOqax4=

classnames@*, classnames@^2.3.1:
  version "2.3.1"
  resolved "https://registry.yarnpkg.com/classnames/-/classnames-2.3.1.tgz#dfcfa3891e306ec1dad105d0e88f4417b8535e8e"
  integrity sha512-OlQdbZ7gLfGarSqxesMesDa5uz7KFbID8Kpq/SxIoNGDqY8lSYs0D+hhtBXhcdB3rcbXArFr7vlHheLk1voeNA==

csstype@^3.0.2:
  version "3.0.9"
  resolved "https://registry.yarnpkg.com/csstype/-/csstype-3.0.9.tgz#6410af31b26bd0520933d02cbc64fce9ce3fbf0b"
  integrity sha512-rpw6JPxK6Rfg1zLOYCSwle2GFOOsnjmDYDaBwEcwoOg4qlsIVCN789VkBZDJAGi4T07gI4YSutR43t9Zz4Lzuw==

hoist-non-react-statics@^3.3.0, hoist-non-react-statics@^3.3.2:
  version "3.3.2"
  resolved "https://registry.yarnpkg.com/hoist-non-react-statics/-/hoist-non-react-statics-3.3.2.tgz#ece0acaf71d62c2969c2ec59feff42a4b1a85b45"
  integrity sha512-/gGivxi8JPKWNm/W0jSmzcMPpfpPLc3dY/6GxhX2hQ9iGj3aDfklV4ET7NjKpSinLpJ5vafa9iiGIEZg10SfBw==
  dependencies:
    react-is "^16.7.0"

intl-messageformat@9.9.3:
  version "9.9.3"
  resolved "https://registry.yarnpkg.com/intl-messageformat/-/intl-messageformat-9.9.3.tgz#bf577b3a78c38f6cb81dda3952390df9be5be01d"
  integrity sha512-YeXTVG1QAfDySO/gbpIrnMw3sKZvmNljahaTWFSGWNs0cNtR6vzwwvg6tzlda4buOw7xzJU3DgLm+skyMC85ow==
  dependencies:
    "@formatjs/fast-memoize" "1.2.0"
    "@formatjs/icu-messageformat-parser" "2.0.13"
    tslib "^2.1.0"

"js-tokens@^3.0.0 || ^4.0.0":
  version "4.0.0"
  resolved "https://registry.yarnpkg.com/js-tokens/-/js-tokens-4.0.0.tgz#19203fb59991df98e3a287050d4647cdeaf32499"
  integrity sha512-RdJUflcE3cUzKiMqQgsCu06FPu9UdIJO0beYbPhHN4k6apgJtifcoCtT9bcxOpYBtpD2kCM6Sbzg4CausW/PKQ==

loose-envify@^1.1.0:
  version "1.4.0"
  resolved "https://registry.yarnpkg.com/loose-envify/-/loose-envify-1.4.0.tgz#71ee51fa7be4caec1a63839f7e682d8132d30caf"
  integrity sha512-lyuxPGr/Wfhrlem2CL/UcnUc1zcqKAImBDzukY7Y5F/yQiNdko6+fRLevlw1HgMySw7f611UIY408EtxRSoK3Q==
  dependencies:
    js-tokens "^3.0.0 || ^4.0.0"

object-assign@^4.1.1:
  version "4.1.1"
  resolved "https://registry.yarnpkg.com/object-assign/-/object-assign-4.1.1.tgz#2109adc7965887cfc05cbbd442cac8bfbb360863"
  integrity sha1-IQmtx5ZYh8/AXLvUQsrIv7s2CGM=

react-dom@^17.0.2:
  version "17.0.2"
  resolved "https://registry.yarnpkg.com/react-dom/-/react-dom-17.0.2.tgz#ecffb6845e3ad8dbfcdc498f0d0a939736502c23"
  integrity sha512-s4h96KtLDUQlsENhMn1ar8t2bEa+q/YAtj8pPPdIjPDGBDIVNsrD9aXNWqspUe6AzKCIG0C1HZZLqLV7qpOBGA==
  dependencies:
    loose-envify "^1.1.0"
    object-assign "^4.1.1"
    scheduler "^0.20.2"

react-intl@*, react-intl@^5.20.13:
  version "5.20.13"
  resolved "https://registry.yarnpkg.com/react-intl/-/react-intl-5.20.13.tgz#5a9fe1957e9147c31fb026163a1e42112a82a19e"
  integrity sha512-0af2bq4itFoJXorwlaxKqh/IG6YFhWtsUANY+NebxKIvcIYEAkbRZWbq7o7r3OiGPG9E6nu6YXgBkG3Lt+wDRA==
  dependencies:
    "@formatjs/ecma402-abstract" "1.10.0"
    "@formatjs/icu-messageformat-parser" "2.0.13"
    "@formatjs/intl" "1.14.3"
    "@formatjs/intl-displaynames" "5.2.5"
    "@formatjs/intl-listformat" "6.3.5"
    "@types/hoist-non-react-statics" "^3.3.1"
    "@types/react" "16 || 17"
    hoist-non-react-statics "^3.3.2"
    intl-messageformat "9.9.3"
    tslib "^2.1.0"

react-is@^16.7.0:
  version "16.13.1"
  resolved "https://registry.yarnpkg.com/react-is/-/react-is-16.13.1.tgz#789729a4dc36de2999dc156dd6c1d9c18cea56a4"
  integrity sha512-24e6ynE2H+OKt4kqsOvNd8kBpV65zoxbA4BVsEOB3ARVWQki/DHzaUoC5KuON/BiccDaCCTZBuOcfZs70kR8bQ==

react@^17.0.2:
  version "17.0.2"
  resolved "https://registry.yarnpkg.com/react/-/react-17.0.2.tgz#d0b5cc516d29eb3eee383f75b62864cfb6800037"
  integrity sha512-gnhPt75i/dq/z3/6q/0asP78D0u592D5L1pd7M8P+dck6Fu/jJeL6iVVK23fptSUZj8Vjf++7wXA8UNclGQcbA==
  dependencies:
    loose-envify "^1.1.0"
    object-assign "^4.1.1"

scheduler@^0.20.2:
  version "0.20.2"
  resolved "https://registry.yarnpkg.com/scheduler/-/scheduler-0.20.2.tgz#4baee39436e34aa93b4874bddcbf0fe8b8b50e91"
  integrity sha512-2eWfGgAqqWFGqtdMmcL5zCMK1U8KlXv8SQFGglL3CEtd0aDVDWgeF/YoCmvln55m5zSk3J/20hTaSBeSObsQDQ==
  dependencies:
    loose-envify "^1.1.0"
    object-assign "^4.1.1"

tslib@^2.1.0:
  version "2.3.1"
  resolved "https://registry.yarnpkg.com/tslib/-/tslib-2.3.1.tgz#e8a335add5ceae51aa261d32a490158ef042ef01"
  integrity sha512-77EbyPPpMz+FRFRuAFlWMtmgUWGe9UOG2Z25NqCwiIjRhOf5iKGuzSe5P2w1laq+FkRy4p+PCuVkJSGkzTEKVw==
